<?xml version="1.0" encoding="utf-8"?>
<Project ToolsVersion="4.0" xmlns="http://schemas.microsoft.com/developer/msbuild/2003">
  <ItemGroup>
    <ClCompile Include="Game.cpp" />
    <ClCompile Include="main.cpp" />
    <ClCompile Include="Actor.cpp">
      <Filter>Actor</Filter>
    </ClCompile>
    <ClCompile Include="Asteroids.cpp">
      <Filter>Actor</Filter>
    </ClCompile>
    <ClCompile Include="Bullet.cpp">
      <Filter>Actor</Filter>
    </ClCompile>
    <ClCompile Include="Player.cpp">
      <Filter>Actor</Filter>
    </ClCompile>
    <ClCompile Include="Queue.cpp">
      <Filter>ADT</Filter>
    </ClCompile>
    <ClCompile Include="State.cpp">
      <Filter>State</Filter>
    </ClCompile>
    <ClCompile Include="GameState.cpp">
      <Filter>State</Filter>
    </ClCompile>
    <ClCompile Include="MainMenuState.cpp">
      <Filter>State</Filter>
    </ClCompile>
    <ClCompile Include="SettingState.cpp">
      <Filter>State</Filter>
    </ClCompile>
    <ClCompile Include="PauseMenu.cpp">
      <Filter>GUI</Filter>
    </ClCompile>
    <ClCompile Include="Menu[OLD].cpp">
      <Filter>GUI</Filter>
    </ClCompile>
    <ClCompile Include="Gui.cpp">
      <Filter>GUI</Filter>
    </ClCompile>
    <ClCompile Include="sha256.cpp">
      <Filter>ALG</Filter>
    </ClCompile>
    <ClCompile Include="stdafx.cpp">
      <Filter>Headers</Filter>
    </ClCompile>
    <ClCompile Include="GraphicsSettings.cpp">
      <Filter>etc</Filter>
    </ClCompile>
    <ClCompile Include="PlayerGUI.cpp">
      <Filter>GUI</Filter>
    </ClCompile>
    <ClCompile Include="HealthPack.cpp">
      <Filter>Actor</Filter>
    </ClCompile>
    <ClCompile Include="BulletPack.cpp">
      <Filter>Actor</Filter>
    </ClCompile>
  </ItemGroup>
  <ItemGroup>
    <ClInclude Include="Game.h" />
    <ClInclude Include="Actor.h">
      <Filter>Actor</Filter>
    </ClInclude>
    <ClInclude Include="Asteroids.h">
      <Filter>Actor</Filter>
    </ClInclude>
    <ClInclude Include="Bullet.h">
      <Filter>Actor</Filter>
    </ClInclude>
    <ClInclude Include="Player.h">
      <Filter>Actor</Filter>
    </ClInclude>
    <ClInclude Include="Map.h">
      <Filter>ADT</Filter>
    </ClInclude>
    <ClInclude Include="Queue.h">
      <Filter>ADT</Filter>
    </ClInclude>
    <ClInclude Include="Stack.h">
      <Filter>ADT</Filter>
    </ClInclude>
    <ClInclude Include="Vector.h">
      <Filter>ADT</Filter>
    </ClInclude>
    <ClInclude Include="GameState.h">
      <Filter>State</Filter>
    </ClInclude>
    <ClInclude Include="MainMenuState.h">
      <Filter>State</Filter>
    </ClInclude>
    <ClInclude Include="SettingState.h">
      <Filter>State</Filter>
    </ClInclude>
    <ClInclude Include="PauseMenu.h">
      <Filter>GUI</Filter>
    </ClInclude>
    <ClInclude Include="Menu[OLD].h">
      <Filter>GUI</Filter>
    </ClInclude>
    <ClInclude Include="Gui.h">
      <Filter>GUI</Filter>
    </ClInclude>
    <ClInclude Include="sha256.h">
      <Filter>ALG</Filter>
    </ClInclude>
    <ClInclude Include="State.h">
      <Filter>State</Filter>
    </ClInclude>
    <ClInclude Include="stdafx.h">
      <Filter>Headers</Filter>
    </ClInclude>
    <ClInclude Include="GraphicsSettings.h">
      <Filter>etc</Filter>
    </ClInclude>
    <ClInclude Include="PlayerGUI.h">
      <Filter>GUI</Filter>
    </ClInclude>
    <ClInclude Include="HealthPack.h">
      <Filter>Actor</Filter>
    </ClInclude>
    <ClInclude Include="BulletPack.h">
      <Filter>Actor</Filter>
    </ClInclude>
  </ItemGroup>
  <ItemGroup>
    <Filter Include="Actor">
      <UniqueIdentifier>{9ea9f85c-5b20-415b-a33b-c34b06de5301}</UniqueIdentifier>
    </Filter>
    <Filter Include="ADT">
      <UniqueIdentifier>{d0a65292-8189-4a4a-9e69-ce4b1ef2bc54}</UniqueIdentifier>
    </Filter>
    <Filter Include="State">
      <UniqueIdentifier>{7691c962-8309-4933-afe9-9b19e0e8562e}</UniqueIdentifier>
    </Filter>
    <Filter Include="GUI">
      <UniqueIdentifier>{07e2ad92-fac9-4b17-a923-0a36619c5bf4}</UniqueIdentifier>
    </Filter>
    <Filter Include="ALG">
      <UniqueIdentifier>{42dafc19-0328-4471-a548-db7e3415b167}</UniqueIdentifier>
    </Filter>
    <Filter Include="Headers">
      <UniqueIdentifier>{69ee7f0c-68a1-4ea4-9bcf-2cfe53555a66}</UniqueIdentifier>
    </Filter>
    <Filter Include="etc">
      <UniqueIdentifier>{0e806428-c786-4c82-b0c6-775759a2c54f}</UniqueIdentifier>
    </Filter>
  </ItemGroup>
</Project>