<?xml version="1.0" encoding="utf-8"?>
<Project ToolsVersion="4.0" xmlns="http://schemas.microsoft.com/developer/msbuild/2003">
  <ItemGroup>
    <ClCompile Include="Actor.cpp" />
    <ClCompile Include="Asteroids.cpp" />
    <ClCompile Include="AVL_Tree.cpp" />
    <ClCompile Include="Bullet.cpp" />
    <ClCompile Include="Gui.cpp" />
    <ClCompile Include="Game.cpp" />
    <ClCompile Include="GameState.cpp" />
    <ClCompile Include="main.cpp" />
    <ClCompile Include="MainMenuState.cpp" />
    <ClCompile Include="Menu[OLD].cpp" />
    <ClCompile Include="PauseMenu.cpp" />
    <ClCompile Include="Player.cpp" />
    <ClCompile Include="Queue.cpp" />
    <ClCompile Include="SettingState.cpp" />
    <ClCompile Include="sha256.cpp" />
    <ClCompile Include="State.cpp" />
  </ItemGroup>
  <ItemGroup>
    <ClInclude Include="Actor.h" />
    <ClInclude Include="Asteroids.h" />
    <ClInclude Include="AVL_Tree.h" />
    <ClInclude Include="Bullet.h" />
    <ClInclude Include="Gui.h" />
    <ClInclude Include="Game.h" />
    <ClInclude Include="GameState.h" />
    <ClInclude Include="BinaryNode.h" />
    <ClInclude Include="MainMenuState.h" />
    <ClInclude Include="Map.h" />
    <ClInclude Include="Menu[OLD].h" />
    <ClInclude Include="PauseMenu.h" />
    <ClInclude Include="Player.h" />
    <ClInclude Include="Queue.h" />
    <ClInclude Include="SettingState.h" />
    <ClInclude Include="sha256.h" />
    <ClInclude Include="Stack.h" />
    <ClInclude Include="State.h" />
    <ClInclude Include="Vector.h" />
  </ItemGroup>
</Project>